
Microsoft Visual Studio Solution File, Format Version 12.00
# Visual Studio Version 17
VisualStudioVersion = 17.5.33530.505
MinimumVisualStudioVersion = 10.0.40219.1
Project("{FAE04EC0-301F-11D3-BF4B-00C04F79EFBC}") = "CustomerManagement", "CustomerManagement\CustomerManagement.csproj", "{9BAD579C-ED7E-4FBA-AE83-8605226A9A43}"
EndProject
Global
	GlobalSection(SolutionConfigurationPlatforms) = preSolution
		Debug|Any CPU = Debug|Any CPU
		Release|Any CPU = Release|Any CPU
	EndGlobalSection
	GlobalSection(ProjectConfigurationPlatforms) = postSolution
		{9BAD579C-ED7E-4FBA-AE83-8605226A9A43}.Debug|Any CPU.ActiveCfg = Debug|Any CPU
		{9BAD579C-ED7E-4FBA-AE83-8605226A9A43}.Debug|Any CPU.Build.0 = Debug|Any CPU
		{9BAD579C-ED7E-4FBA-AE83-8605226A9A43}.Release|Any CPU.ActiveCfg = Release|Any CPU
		{9BAD579C-ED7E-4FBA-AE83-8605226A9A43}.Release|Any CPU.Build.0 = Release|Any CPU
	EndGlobalSection
	GlobalSection(SolutionProperties) = preSolution
		HideSolutionNode = FALSE
	EndGlobalSection
	GlobalSection(ExtensibilityGlobals) = postSolution
		SolutionGuid = {22345531-17DC-43B1-8194-917338F56742}
	EndGlobalSection
EndGlobal
